
Microsoft Visual Studio Solution File, Format Version 12.00
# Visual Studio 15
VisualStudioVersion = 15.0.28307.1000
MinimumVisualStudioVersion = 10.0.40219.1
Project("{262852C6-CD72-467D-83FE-5EEB1973A190}") = "MyDevice", "MyDevice\MyDevice.jsproj", "{BF6F36F9-F33D-42A5-8EC0-E6C1F2F5E3F3}"
EndProject
Global
	GlobalSection(SolutionConfigurationPlatforms) = preSolution
		Debug|Android = Debug|Android
		Debug|iOS = Debug|iOS
		Debug|Windows-ARM = Debug|Windows-ARM
		Debug|Windows-x64 = Debug|Windows-x64
		Debug|Windows-x86 = Debug|Windows-x86
		Release|Android = Release|Android
		Release|iOS = Release|iOS
		Release|Windows-ARM = Release|Windows-ARM
		Release|Windows-x64 = Release|Windows-x64
		Release|Windows-x86 = Release|Windows-x86
	EndGlobalSection
	GlobalSection(ProjectConfigurationPlatforms) = postSolution
		{BF6F36F9-F33D-42A5-8EC0-E6C1F2F5E3F3}.Debug|Android.ActiveCfg = Debug|Android
		{BF6F36F9-F33D-42A5-8EC0-E6C1F2F5E3F3}.Debug|Android.Build.0 = Debug|Android
		{BF6F36F9-F33D-42A5-8EC0-E6C1F2F5E3F3}.Debug|Android.Deploy.0 = Debug|Android
		{BF6F36F9-F33D-42A5-8EC0-E6C1F2F5E3F3}.Debug|iOS.ActiveCfg = Debug|iOS
		{BF6F36F9-F33D-42A5-8EC0-E6C1F2F5E3F3}.Debug|iOS.Build.0 = Debug|iOS
		{BF6F36F9-F33D-42A5-8EC0-E6C1F2F5E3F3}.Debug|iOS.Deploy.0 = Debug|iOS
		{BF6F36F9-F33D-42A5-8EC0-E6C1F2F5E3F3}.Debug|Windows-ARM.ActiveCfg = Debug|Windows-ARM
		{BF6F36F9-F33D-42A5-8EC0-E6C1F2F5E3F3}.Debug|Windows-ARM.Build.0 = Debug|Windows-ARM
		{BF6F36F9-F33D-42A5-8EC0-E6C1F2F5E3F3}.Debug|Windows-ARM.Deploy.0 = Debug|Windows-ARM
		{BF6F36F9-F33D-42A5-8EC0-E6C1F2F5E3F3}.Debug|Windows-x64.ActiveCfg = Debug|Windows-x64
		{BF6F36F9-F33D-42A5-8EC0-E6C1F2F5E3F3}.Debug|Windows-x64.Build.0 = Debug|Windows-x64
		{BF6F36F9-F33D-42A5-8EC0-E6C1F2F5E3F3}.Debug|Windows-x64.Deploy.0 = Debug|Windows-x64
		{BF6F36F9-F33D-42A5-8EC0-E6C1F2F5E3F3}.Debug|Windows-x86.ActiveCfg = Debug|Windows-x86
		{BF6F36F9-F33D-42A5-8EC0-E6C1F2F5E3F3}.Debug|Windows-x86.Build.0 = Debug|Windows-x86
		{BF6F36F9-F33D-42A5-8EC0-E6C1F2F5E3F3}.Debug|Windows-x86.Deploy.0 = Debug|Windows-x86
		{BF6F36F9-F33D-42A5-8EC0-E6C1F2F5E3F3}.Release|Android.ActiveCfg = Release|Android
		{BF6F36F9-F33D-42A5-8EC0-E6C1F2F5E3F3}.Release|Android.Build.0 = Release|Android
		{BF6F36F9-F33D-42A5-8EC0-E6C1F2F5E3F3}.Release|Android.Deploy.0 = Release|Android
		{BF6F36F9-F33D-42A5-8EC0-E6C1F2F5E3F3}.Release|iOS.ActiveCfg = Release|iOS
		{BF6F36F9-F33D-42A5-8EC0-E6C1F2F5E3F3}.Release|iOS.Build.0 = Release|iOS
		{BF6F36F9-F33D-42A5-8EC0-E6C1F2F5E3F3}.Release|iOS.Deploy.0 = Release|iOS
		{BF6F36F9-F33D-42A5-8EC0-E6C1F2F5E3F3}.Release|Windows-ARM.ActiveCfg = Release|Windows-ARM
		{BF6F36F9-F33D-42A5-8EC0-E6C1F2F5E3F3}.Release|Windows-ARM.Build.0 = Release|Windows-ARM
		{BF6F36F9-F33D-42A5-8EC0-E6C1F2F5E3F3}.Release|Windows-ARM.Deploy.0 = Release|Windows-ARM
		{BF6F36F9-F33D-42A5-8EC0-E6C1F2F5E3F3}.Release|Windows-x64.ActiveCfg = Release|Windows-x64
		{BF6F36F9-F33D-42A5-8EC0-E6C1F2F5E3F3}.Release|Windows-x64.Build.0 = Release|Windows-x64
		{BF6F36F9-F33D-42A5-8EC0-E6C1F2F5E3F3}.Release|Windows-x64.Deploy.0 = Release|Windows-x64
		{BF6F36F9-F33D-42A5-8EC0-E6C1F2F5E3F3}.Release|Windows-x86.ActiveCfg = Release|Windows-x86
		{BF6F36F9-F33D-42A5-8EC0-E6C1F2F5E3F3}.Release|Windows-x86.Build.0 = Release|Windows-x86
		{BF6F36F9-F33D-42A5-8EC0-E6C1F2F5E3F3}.Release|Windows-x86.Deploy.0 = Release|Windows-x86
	EndGlobalSection
	GlobalSection(SolutionProperties) = preSolution
		HideSolutionNode = FALSE
	EndGlobalSection
	GlobalSection(ExtensibilityGlobals) = postSolution
		SolutionGuid = {5038F660-C6E0-46F8-9703-771C90B39764}
	EndGlobalSection
EndGlobal
