
Microsoft Visual Studio Solution File, Format Version 12.00
# Visual Studio 15
VisualStudioVersion = 15.0.28307.1000
MinimumVisualStudioVersion = 10.0.40219.1
Project("{262852C6-CD72-467D-83FE-5EEB1973A190}") = "FamousQuoteQuiz.Mobile", "FamousQuoteQuiz.Mobile\FamousQuoteQuiz.Mobile.jsproj", "{16FACBD0-8B62-47D7-B183-36AC4A08CF83}"
EndProject
Global
	GlobalSection(SolutionConfigurationPlatforms) = preSolution
		Debug|Android = Debug|Android
		Debug|iOS = Debug|iOS
		Debug|Windows-ARM = Debug|Windows-ARM
		Debug|Windows-x64 = Debug|Windows-x64
		Debug|Windows-x86 = Debug|Windows-x86
		Release|Android = Release|Android
		Release|iOS = Release|iOS
		Release|Windows-ARM = Release|Windows-ARM
		Release|Windows-x64 = Release|Windows-x64
		Release|Windows-x86 = Release|Windows-x86
	EndGlobalSection
	GlobalSection(ProjectConfigurationPlatforms) = postSolution
		{16FACBD0-8B62-47D7-B183-36AC4A08CF83}.Debug|Android.ActiveCfg = Debug|Android
		{16FACBD0-8B62-47D7-B183-36AC4A08CF83}.Debug|Android.Build.0 = Debug|Android
		{16FACBD0-8B62-47D7-B183-36AC4A08CF83}.Debug|Android.Deploy.0 = Debug|Android
		{16FACBD0-8B62-47D7-B183-36AC4A08CF83}.Debug|iOS.ActiveCfg = Debug|iOS
		{16FACBD0-8B62-47D7-B183-36AC4A08CF83}.Debug|iOS.Build.0 = Debug|iOS
		{16FACBD0-8B62-47D7-B183-36AC4A08CF83}.Debug|iOS.Deploy.0 = Debug|iOS
		{16FACBD0-8B62-47D7-B183-36AC4A08CF83}.Debug|Windows-ARM.ActiveCfg = Debug|Windows-ARM
		{16FACBD0-8B62-47D7-B183-36AC4A08CF83}.Debug|Windows-ARM.Build.0 = Debug|Windows-ARM
		{16FACBD0-8B62-47D7-B183-36AC4A08CF83}.Debug|Windows-ARM.Deploy.0 = Debug|Windows-ARM
		{16FACBD0-8B62-47D7-B183-36AC4A08CF83}.Debug|Windows-x64.ActiveCfg = Debug|Windows-x64
		{16FACBD0-8B62-47D7-B183-36AC4A08CF83}.Debug|Windows-x64.Build.0 = Debug|Windows-x64
		{16FACBD0-8B62-47D7-B183-36AC4A08CF83}.Debug|Windows-x64.Deploy.0 = Debug|Windows-x64
		{16FACBD0-8B62-47D7-B183-36AC4A08CF83}.Debug|Windows-x86.ActiveCfg = Debug|Windows-x86
		{16FACBD0-8B62-47D7-B183-36AC4A08CF83}.Debug|Windows-x86.Build.0 = Debug|Windows-x86
		{16FACBD0-8B62-47D7-B183-36AC4A08CF83}.Debug|Windows-x86.Deploy.0 = Debug|Windows-x86
		{16FACBD0-8B62-47D7-B183-36AC4A08CF83}.Release|Android.ActiveCfg = Release|Android
		{16FACBD0-8B62-47D7-B183-36AC4A08CF83}.Release|Android.Build.0 = Release|Android
		{16FACBD0-8B62-47D7-B183-36AC4A08CF83}.Release|Android.Deploy.0 = Release|Android
		{16FACBD0-8B62-47D7-B183-36AC4A08CF83}.Release|iOS.ActiveCfg = Release|iOS
		{16FACBD0-8B62-47D7-B183-36AC4A08CF83}.Release|iOS.Build.0 = Release|iOS
		{16FACBD0-8B62-47D7-B183-36AC4A08CF83}.Release|iOS.Deploy.0 = Release|iOS
		{16FACBD0-8B62-47D7-B183-36AC4A08CF83}.Release|Windows-ARM.ActiveCfg = Release|Windows-ARM
		{16FACBD0-8B62-47D7-B183-36AC4A08CF83}.Release|Windows-ARM.Build.0 = Release|Windows-ARM
		{16FACBD0-8B62-47D7-B183-36AC4A08CF83}.Release|Windows-ARM.Deploy.0 = Release|Windows-ARM
		{16FACBD0-8B62-47D7-B183-36AC4A08CF83}.Release|Windows-x64.ActiveCfg = Release|Windows-x64
		{16FACBD0-8B62-47D7-B183-36AC4A08CF83}.Release|Windows-x64.Build.0 = Release|Windows-x64
		{16FACBD0-8B62-47D7-B183-36AC4A08CF83}.Release|Windows-x64.Deploy.0 = Release|Windows-x64
		{16FACBD0-8B62-47D7-B183-36AC4A08CF83}.Release|Windows-x86.ActiveCfg = Release|Windows-x86
		{16FACBD0-8B62-47D7-B183-36AC4A08CF83}.Release|Windows-x86.Build.0 = Release|Windows-x86
		{16FACBD0-8B62-47D7-B183-36AC4A08CF83}.Release|Windows-x86.Deploy.0 = Release|Windows-x86
	EndGlobalSection
	GlobalSection(SolutionProperties) = preSolution
		HideSolutionNode = FALSE
	EndGlobalSection
	GlobalSection(ExtensibilityGlobals) = postSolution
		SolutionGuid = {B83EBFF2-0274-4877-AB15-9AAD7E895257}
	EndGlobalSection
EndGlobal
